// !$*UTF8*$!
{
	archiveVersion = 1;
	classes = {
	};
	objectVersion = 50;
	objects = {

/* Begin PBXBuildFile section */
		A199117225A1ED41005313A8 /* AppDelegate.swift in Sources */ = {isa = PBXBuildFile; fileRef = A199117125A1ED41005313A8 /* AppDelegate.swift */; };
		A199117425A1ED41005313A8 /* SceneDelegate.swift in Sources */ = {isa = PBXBuildFile; fileRef = A199117325A1ED41005313A8 /* SceneDelegate.swift */; };
		A199117B25A1ED44005313A8 /* Assets.xcassets in Resources */ = {isa = PBXBuildFile; fileRef = A199117A25A1ED44005313A8 /* Assets.xcassets */; };
		A199117E25A1ED44005313A8 /* LaunchScreen.storyboard in Resources */ = {isa = PBXBuildFile; fileRef = A199117C25A1ED44005313A8 /* LaunchScreen.storyboard */; };
		A199118925A1EDDE005313A8 /* APIClient.swift in Sources */ = {isa = PBXBuildFile; fileRef = A199118825A1EDDE005313A8 /* APIClient.swift */; };
		A199118C25A203C3005313A8 /* CustomError.swift in Sources */ = {isa = PBXBuildFile; fileRef = A199118B25A203C3005313A8 /* CustomError.swift */; };
		A199119025A2088D005313A8 /* Vehicle.swift in Sources */ = {isa = PBXBuildFile; fileRef = A199118F25A2088D005313A8 /* Vehicle.swift */; };
		A199119425A21A1B005313A8 /* assignment.json in Resources */ = {isa = PBXBuildFile; fileRef = A199119325A21A1B005313A8 /* assignment.json */; };
		A199119725A22A76005313A8 /* APIManager.swift in Sources */ = {isa = PBXBuildFile; fileRef = A199119625A22A76005313A8 /* APIManager.swift */; };
		A199119D25A34193005313A8 /* JDTableViewHeader.swift in Sources */ = {isa = PBXBuildFile; fileRef = A199119C25A34193005313A8 /* JDTableViewHeader.swift */; };
		A19911A125A35079005313A8 /* JDTableViewCell.swift in Sources */ = {isa = PBXBuildFile; fileRef = A19911A025A35079005313A8 /* JDTableViewCell.swift */; };
		A19911AC25A38BEC005313A8 /* JDVehicleViewModel.swift in Sources */ = {isa = PBXBuildFile; fileRef = A19911AB25A38BEC005313A8 /* JDVehicleViewModel.swift */; };
		A19911AF25A4088D005313A8 /* JDVehicleViewModel+Ext.swift in Sources */ = {isa = PBXBuildFile; fileRef = A19911AE25A4088D005313A8 /* JDVehicleViewModel+Ext.swift */; };
		A19911B425A416AC005313A8 /* UIView+Ext.swift in Sources */ = {isa = PBXBuildFile; fileRef = A19911B325A416AC005313A8 /* UIView+Ext.swift */; };
		A19911BC25A479BC005313A8 /* JDHomeViewController.swift in Sources */ = {isa = PBXBuildFile; fileRef = A19911BB25A479BC005313A8 /* JDHomeViewController.swift */; };
/* End PBXBuildFile section */

/* Begin PBXFileReference section */
		A199116E25A1ED41005313A8 /* Jarus Demo.app */ = {isa = PBXFileReference; explicitFileType = wrapper.application; includeInIndex = 0; path = "Jarus Demo.app"; sourceTree = BUILT_PRODUCTS_DIR; };
		A199117125A1ED41005313A8 /* AppDelegate.swift */ = {isa = PBXFileReference; lastKnownFileType = sourcecode.swift; path = AppDelegate.swift; sourceTree = "<group>"; };
		A199117325A1ED41005313A8 /* SceneDelegate.swift */ = {isa = PBXFileReference; lastKnownFileType = sourcecode.swift; path = SceneDelegate.swift; sourceTree = "<group>"; };
		A199117A25A1ED44005313A8 /* Assets.xcassets */ = {isa = PBXFileReference; lastKnownFileType = folder.assetcatalog; path = Assets.xcassets; sourceTree = "<group>"; };
		A199117D25A1ED44005313A8 /* Base */ = {isa = PBXFileReference; lastKnownFileType = file.storyboard; name = Base; path = Base.lproj/LaunchScreen.storyboard; sourceTree = "<group>"; };
		A199117F25A1ED44005313A8 /* Info.plist */ = {isa = PBXFileReference; lastKnownFileType = text.plist.xml; path = Info.plist; sourceTree = "<group>"; };
		A199118825A1EDDE005313A8 /* APIClient.swift */ = {isa = PBXFileReference; lastKnownFileType = sourcecode.swift; path = APIClient.swift; sourceTree = "<group>"; };
		A199118B25A203C3005313A8 /* CustomError.swift */ = {isa = PBXFileReference; lastKnownFileType = sourcecode.swift; path = CustomError.swift; sourceTree = "<group>"; };
		A199118F25A2088D005313A8 /* Vehicle.swift */ = {isa = PBXFileReference; lastKnownFileType = sourcecode.swift; path = Vehicle.swift; sourceTree = "<group>"; };
		A199119325A21A1B005313A8 /* assignment.json */ = {isa = PBXFileReference; fileEncoding = 4; lastKnownFileType = text.json; path = assignment.json; sourceTree = "<group>"; };
		A199119625A22A76005313A8 /* APIManager.swift */ = {isa = PBXFileReference; lastKnownFileType = sourcecode.swift; path = APIManager.swift; sourceTree = "<group>"; };
		A199119C25A34193005313A8 /* JDTableViewHeader.swift */ = {isa = PBXFileReference; lastKnownFileType = sourcecode.swift; path = JDTableViewHeader.swift; sourceTree = "<group>"; };
		A19911A025A35079005313A8 /* JDTableViewCell.swift */ = {isa = PBXFileReference; lastKnownFileType = sourcecode.swift; path = JDTableViewCell.swift; sourceTree = "<group>"; };
		A19911AB25A38BEC005313A8 /* JDVehicleViewModel.swift */ = {isa = PBXFileReference; lastKnownFileType = sourcecode.swift; path = JDVehicleViewModel.swift; sourceTree = "<group>"; };
		A19911AE25A4088D005313A8 /* JDVehicleViewModel+Ext.swift */ = {isa = PBXFileReference; lastKnownFileType = sourcecode.swift; path = "JDVehicleViewModel+Ext.swift"; sourceTree = "<group>"; };
		A19911B325A416AC005313A8 /* UIView+Ext.swift */ = {isa = PBXFileReference; lastKnownFileType = sourcecode.swift; path = "UIView+Ext.swift"; sourceTree = "<group>"; };
		A19911BB25A479BC005313A8 /* JDHomeViewController.swift */ = {isa = PBXFileReference; lastKnownFileType = sourcecode.swift; path = JDHomeViewController.swift; sourceTree = "<group>"; };
/* End PBXFileReference section */

/* Begin PBXFrameworksBuildPhase section */
		A199116B25A1ED41005313A8 /* Frameworks */ = {
			isa = PBXFrameworksBuildPhase;
			buildActionMask = 2147483647;
			files = (
			);
			runOnlyForDeploymentPostprocessing = 0;
		};
/* End PBXFrameworksBuildPhase section */

/* Begin PBXGroup section */
		A199116525A1ED41005313A8 = {
			isa = PBXGroup;
			children = (
				A199117025A1ED41005313A8 /* Jarus Demo */,
				A199116F25A1ED41005313A8 /* Products */,
			);
			sourceTree = "<group>";
		};
		A199116F25A1ED41005313A8 /* Products */ = {
			isa = PBXGroup;
			children = (
				A199116E25A1ED41005313A8 /* Jarus Demo.app */,
			);
			name = Products;
			sourceTree = "<group>";
		};
		A199117025A1ED41005313A8 /* Jarus Demo */ = {
			isa = PBXGroup;
			children = (
				A19911EB25A4A23B005313A8 /* Controller */,
				A19911B225A4166E005313A8 /* Common */,
				A19911A325A35FFF005313A8 /* ViewModel */,
				A199119B25A34122005313A8 /* Table View Component */,
				A199118E25A20807005313A8 /* Model */,
				A199117125A1ED41005313A8 /* AppDelegate.swift */,
				A199117325A1ED41005313A8 /* SceneDelegate.swift */,
				A199117A25A1ED44005313A8 /* Assets.xcassets */,
				A199119325A21A1B005313A8 /* assignment.json */,
				A199117C25A1ED44005313A8 /* LaunchScreen.storyboard */,
				A199117F25A1ED44005313A8 /* Info.plist */,
			);
			path = "Jarus Demo";
			sourceTree = "<group>";
		};
		A199118625A1ED4E005313A8 /* Utility */ = {
			isa = PBXGroup;
			children = (
				A199118825A1EDDE005313A8 /* APIClient.swift */,
				A199119625A22A76005313A8 /* APIManager.swift */,
				A199118B25A203C3005313A8 /* CustomError.swift */,
				A19911B325A416AC005313A8 /* UIView+Ext.swift */,
			);
			path = Utility;
			sourceTree = "<group>";
		};
		A199118E25A20807005313A8 /* Model */ = {
			isa = PBXGroup;
			children = (
				A199118F25A2088D005313A8 /* Vehicle.swift */,
			);
			path = Model;
			sourceTree = "<group>";
		};
		A199119B25A34122005313A8 /* Table View Component */ = {
			isa = PBXGroup;
			children = (
				A199119C25A34193005313A8 /* JDTableViewHeader.swift */,
				A19911A025A35079005313A8 /* JDTableViewCell.swift */,
			);
			path = "Table View Component";
			sourceTree = "<group>";
		};
		A19911A325A35FFF005313A8 /* ViewModel */ = {
			isa = PBXGroup;
			children = (
				A19911AB25A38BEC005313A8 /* JDVehicleViewModel.swift */,
				A19911AE25A4088D005313A8 /* JDVehicleViewModel+Ext.swift */,
			);
			path = ViewModel;
			sourceTree = "<group>";
		};
		A19911B225A4166E005313A8 /* Common */ = {
			isa = PBXGroup;
			children = (
				A199118625A1ED4E005313A8 /* Utility */,
			);
			path = Common;
			sourceTree = "<group>";
		};
		A19911EB25A4A23B005313A8 /* Controller */ = {
			isa = PBXGroup;
			children = (
				A19911BB25A479BC005313A8 /* JDHomeViewController.swift */,
			);
			path = Controller;
			sourceTree = "<group>";
		};
/* End PBXGroup section */

/* Begin PBXNativeTarget section */
		A199116D25A1ED41005313A8 /* Jarus Demo */ = {
			isa = PBXNativeTarget;
			buildConfigurationList = A199118225A1ED45005313A8 /* Build configuration list for PBXNativeTarget "Jarus Demo" */;
			buildPhases = (
				A199116A25A1ED41005313A8 /* Sources */,
				A199116B25A1ED41005313A8 /* Frameworks */,
				A199116C25A1ED41005313A8 /* Resources */,
			);
			buildRules = (
			);
			dependencies = (
			);
			name = "Jarus Demo";
			productName = "Jarus Demo";
			productReference = A199116E25A1ED41005313A8 /* Jarus Demo.app */;
			productType = "com.apple.product-type.application";
		};
/* End PBXNativeTarget section */

/* Begin PBXProject section */
		A199116625A1ED41005313A8 /* Project object */ = {
			isa = PBXProject;
			attributes = {
				LastSwiftUpdateCheck = 1230;
				LastUpgradeCheck = 1230;
				TargetAttributes = {
					A199116D25A1ED41005313A8 = {
						CreatedOnToolsVersion = 12.3;
					};
				};
			};
			buildConfigurationList = A199116925A1ED41005313A8 /* Build configuration list for PBXProject "Jarus Demo" */;
			compatibilityVersion = "Xcode 9.3";
			developmentRegion = en;
			hasScannedForEncodings = 0;
			knownRegions = (
				en,
				Base,
			);
			mainGroup = A199116525A1ED41005313A8;
			productRefGroup = A199116F25A1ED41005313A8 /* Products */;
			projectDirPath = "";
			projectRoot = "";
			targets = (
				A199116D25A1ED41005313A8 /* Jarus Demo */,
			);
		};
/* End PBXProject section */

/* Begin PBXResourcesBuildPhase section */
		A199116C25A1ED41005313A8 /* Resources */ = {
			isa = PBXResourcesBuildPhase;
			buildActionMask = 2147483647;
			files = (
				A199119425A21A1B005313A8 /* assignment.json in Resources */,
				A199117E25A1ED44005313A8 /* LaunchScreen.storyboard in Resources */,
				A199117B25A1ED44005313A8 /* Assets.xcassets in Resources */,
			);
			runOnlyForDeploymentPostprocessing = 0;
		};
/* End PBXResourcesBuildPhase section */

/* Begin PBXSourcesBuildPhase section */
		A199116A25A1ED41005313A8 /* Sources */ = {
			isa = PBXSourcesBuildPhase;
			buildActionMask = 2147483647;
			files = (
				A199119025A2088D005313A8 /* Vehicle.swift in Sources */,
				A19911A125A35079005313A8 /* JDTableViewCell.swift in Sources */,
				A199118C25A203C3005313A8 /* CustomError.swift in Sources */,
				A199117225A1ED41005313A8 /* AppDelegate.swift in Sources */,
				A199119D25A34193005313A8 /* JDTableViewHeader.swift in Sources */,
				A199117425A1ED41005313A8 /* SceneDelegate.swift in Sources */,
				A19911AC25A38BEC005313A8 /* JDVehicleViewModel.swift in Sources */,
				A19911B425A416AC005313A8 /* UIView+Ext.swift in Sources */,
				A199118925A1EDDE005313A8 /* APIClient.swift in Sources */,
				A19911AF25A4088D005313A8 /* JDVehicleViewModel+Ext.swift in Sources */,
				A199119725A22A76005313A8 /* APIManager.swift in Sources */,
				A19911BC25A479BC005313A8 /* JDHomeViewController.swift in Sources */,
			);
			runOnlyForDeploymentPostprocessing = 0;
		};
/* End PBXSourcesBuildPhase section */

/* Begin PBXVariantGroup section */
		A199117C25A1ED44005313A8 /* LaunchScreen.storyboard */ = {
			isa = PBXVariantGroup;
			children = (
				A199117D25A1ED44005313A8 /* Base */,
			);
			name = LaunchScreen.storyboard;
			sourceTree = "<group>";
		};
/* End PBXVariantGroup section */

/* Begin XCBuildConfiguration section */
		A199118025A1ED45005313A8 /* Debug */ = {
			isa = XCBuildConfiguration;
			buildSettings = {
				ALWAYS_SEARCH_USER_PATHS = NO;
				CLANG_ANALYZER_NONNULL = YES;
				CLANG_ANALYZER_NUMBER_OBJECT_CONVERSION = YES_AGGRESSIVE;
				CLANG_CXX_LANGUAGE_STANDARD = "gnu++14";
				CLANG_CXX_LIBRARY = "libc++";
				CLANG_ENABLE_MODULES = YES;
				CLANG_ENABLE_OBJC_ARC = YES;
				CLANG_ENABLE_OBJC_WEAK = YES;
				CLANG_WARN_BLOCK_CAPTURE_AUTORELEASING = YES;
				CLANG_WARN_BOOL_CONVERSION = YES;
				CLANG_WARN_COMMA = YES;
				CLANG_WARN_CONSTANT_CONVERSION = YES;
				CLANG_WARN_DEPRECATED_OBJC_IMPLEMENTATIONS = YES;
				CLANG_WARN_DIRECT_OBJC_ISA_USAGE = YES_ERROR;
				CLANG_WARN_DOCUMENTATION_COMMENTS = YES;
				CLANG_WARN_EMPTY_BODY = YES;
				CLANG_WARN_ENUM_CONVERSION = YES;
				CLANG_WARN_INFINITE_RECURSION = YES;
				CLANG_WARN_INT_CONVERSION = YES;
				CLANG_WARN_NON_LITERAL_NULL_CONVERSION = YES;
				CLANG_WARN_OBJC_IMPLICIT_RETAIN_SELF = YES;
				CLANG_WARN_OBJC_LITERAL_CONVERSION = YES;
				CLANG_WARN_OBJC_ROOT_CLASS = YES_ERROR;
				CLANG_WARN_QUOTED_INCLUDE_IN_FRAMEWORK_HEADER = YES;
				CLANG_WARN_RANGE_LOOP_ANALYSIS = YES;
				CLANG_WARN_STRICT_PROTOTYPES = YES;
				CLANG_WARN_SUSPICIOUS_MOVE = YES;
				CLANG_WARN_UNGUARDED_AVAILABILITY = YES_AGGRESSIVE;
				CLANG_WARN_UNREACHABLE_CODE = YES;
				CLANG_WARN__DUPLICATE_METHOD_MATCH = YES;
				COPY_PHASE_STRIP = NO;
				DEBUG_INFORMATION_FORMAT = dwarf;
				ENABLE_STRICT_OBJC_MSGSEND = YES;
				ENABLE_TESTABILITY = YES;
				GCC_C_LANGUAGE_STANDARD = gnu11;
				GCC_DYNAMIC_NO_PIC = NO;
				GCC_NO_COMMON_BLOCKS = YES;
				GCC_OPTIMIZATION_LEVEL = 0;
				GCC_PREPROCESSOR_DEFINITIONS = (
					"DEBUG=1",
					"$(inherited)",
				);
				GCC_WARN_64_TO_32_BIT_CONVERSION = YES;
				GCC_WARN_ABOUT_RETURN_TYPE = YES_ERROR;
				GCC_WARN_UNDECLARED_SELECTOR = YES;
				GCC_WARN_UNINITIALIZED_AUTOS = YES_AGGRESSIVE;
				GCC_WARN_UNUSED_FUNCTION = YES;
				GCC_WARN_UNUSED_VARIABLE = YES;
				IPHONEOS_DEPLOYMENT_TARGET = 14.3;
				MTL_ENABLE_DEBUG_INFO = INCLUDE_SOURCE;
				MTL_FAST_MATH = YES;
				ONLY_ACTIVE_ARCH = YES;
				SDKROOT = iphoneos;
				SWIFT_ACTIVE_COMPILATION_CONDITIONS = DEBUG;
				SWIFT_OPTIMIZATION_LEVEL = "-Onone";
			};
			name = Debug;
		};
		A199118125A1ED45005313A8 /* Release */ = {
			isa = XCBuildConfiguration;
			buildSettings = {
				ALWAYS_SEARCH_USER_PATHS = NO;
				CLANG_ANALYZER_NONNULL = YES;
				CLANG_ANALYZER_NUMBER_OBJECT_CONVERSION = YES_AGGRESSIVE;
				CLANG_CXX_LANGUAGE_STANDARD = "gnu++14";
				CLANG_CXX_LIBRARY = "libc++";
				CLANG_ENABLE_MODULES = YES;
				CLANG_ENABLE_OBJC_ARC = YES;
				CLANG_ENABLE_OBJC_WEAK = YES;
				CLANG_WARN_BLOCK_CAPTURE_AUTORELEASING = YES;
				CLANG_WARN_BOOL_CONVERSION = YES;
				CLANG_WARN_COMMA = YES;
				CLANG_WARN_CONSTANT_CONVERSION = YES;
				CLANG_WARN_DEPRECATED_OBJC_IMPLEMENTATIONS = YES;
				CLANG_WARN_DIRECT_OBJC_ISA_USAGE = YES_ERROR;
				CLANG_WARN_DOCUMENTATION_COMMENTS = YES;
				CLANG_WARN_EMPTY_BODY = YES;
				CLANG_WARN_ENUM_CONVERSION = YES;
				CLANG_WARN_INFINITE_RECURSION = YES;
				CLANG_WARN_INT_CONVERSION = YES;
				CLANG_WARN_NON_LITERAL_NULL_CONVERSION = YES;
				CLANG_WARN_OBJC_IMPLICIT_RETAIN_SELF = YES;
				CLANG_WARN_OBJC_LITERAL_CONVERSION = YES;
				CLANG_WARN_OBJC_ROOT_CLASS = YES_ERROR;
				CLANG_WARN_QUOTED_INCLUDE_IN_FRAMEWORK_HEADER = YES;
				CLANG_WARN_RANGE_LOOP_ANALYSIS = YES;
				CLANG_WARN_STRICT_PROTOTYPES = YES;
				CLANG_WARN_SUSPICIOUS_MOVE = YES;
				CLANG_WARN_UNGUARDED_AVAILABILITY = YES_AGGRESSIVE;
				CLANG_WARN_UNREACHABLE_CODE = YES;
				CLANG_WARN__DUPLICATE_METHOD_MATCH = YES;
				COPY_PHASE_STRIP = NO;
				DEBUG_INFORMATION_FORMAT = "dwarf-with-dsym";
				ENABLE_NS_ASSERTIONS = NO;
				ENABLE_STRICT_OBJC_MSGSEND = YES;
				GCC_C_LANGUAGE_STANDARD = gnu11;
				GCC_NO_COMMON_BLOCKS = YES;
				GCC_WARN_64_TO_32_BIT_CONVERSION = YES;
				GCC_WARN_ABOUT_RETURN_TYPE = YES_ERROR;
				GCC_WARN_UNDECLARED_SELECTOR = YES;
				GCC_WARN_UNINITIALIZED_AUTOS = YES_AGGRESSIVE;
				GCC_WARN_UNUSED_FUNCTION = YES;
				GCC_WARN_UNUSED_VARIABLE = YES;
				IPHONEOS_DEPLOYMENT_TARGET = 14.3;
				MTL_ENABLE_DEBUG_INFO = NO;
				MTL_FAST_MATH = YES;
				SDKROOT = iphoneos;
				SWIFT_COMPILATION_MODE = wholemodule;
				SWIFT_OPTIMIZATION_LEVEL = "-O";
				VALIDATE_PRODUCT = YES;
			};
			name = Release;
		};
		A199118325A1ED45005313A8 /* Debug */ = {
			isa = XCBuildConfiguration;
			buildSettings = {
				ASSETCATALOG_COMPILER_APPICON_NAME = AppIcon;
				ASSETCATALOG_COMPILER_GLOBAL_ACCENT_COLOR_NAME = AccentColor;
				CODE_SIGN_STYLE = Automatic;
				DEVELOPMENT_TEAM = 8SBH4683ZM;
				INFOPLIST_FILE = "Jarus Demo/Info.plist";
				LD_RUNPATH_SEARCH_PATHS = (
					"$(inherited)",
					"@executable_path/Frameworks",
				);
				PRODUCT_BUNDLE_IDENTIFIER = "Ranjan.Jarus-Demo";
				PRODUCT_NAME = "$(TARGET_NAME)";
				SWIFT_VERSION = 5.0;
				TARGETED_DEVICE_FAMILY = "1,2";
			};
			name = Debug;
		};
		A199118425A1ED45005313A8 /* Release */ = {
			isa = XCBuildConfiguration;
			buildSettings = {
				ASSETCATALOG_COMPILER_APPICON_NAME = AppIcon;
				ASSETCATALOG_COMPILER_GLOBAL_ACCENT_COLOR_NAME = AccentColor;
				CODE_SIGN_STYLE = Automatic;
				DEVELOPMENT_TEAM = 8SBH4683ZM;
				INFOPLIST_FILE = "Jarus Demo/Info.plist";
				LD_RUNPATH_SEARCH_PATHS = (
					"$(inherited)",
					"@executable_path/Frameworks",
				);
				PRODUCT_BUNDLE_IDENTIFIER = "Ranjan.Jarus-Demo";
				PRODUCT_NAME = "$(TARGET_NAME)";
				SWIFT_VERSION = 5.0;
				TARGETED_DEVICE_FAMILY = "1,2";
			};
			name = Release;
		};
/* End XCBuildConfiguration section */

/* Begin XCConfigurationList section */
		A199116925A1ED41005313A8 /* Build configuration list for PBXProject "Jarus Demo" */ = {
			isa = XCConfigurationList;
			buildConfigurations = (
				A199118025A1ED45005313A8 /* Debug */,
				A199118125A1ED45005313A8 /* Release */,
			);
			defaultConfigurationIsVisible = 0;
			defaultConfigurationName = Release;
		};
		A199118225A1ED45005313A8 /* Build configuration list for PBXNativeTarget "Jarus Demo" */ = {
			isa = XCConfigurationList;
			buildConfigurations = (
				A199118325A1ED45005313A8 /* Debug */,
				A199118425A1ED45005313A8 /* Release */,
			);
			defaultConfigurationIsVisible = 0;
			defaultConfigurationName = Release;
		};
/* End XCConfigurationList section */
	};
	rootObject = A199116625A1ED41005313A8 /* Project object */;
}
